{
  "pins" : [
    {
      "identity" : "spirv-cross",
      "kind" : "remoteSourceControl",
      "location" : "https://github.com/ncthbrt/Spirv-cross",
      "state" : {
        "branch" : "main",
        "revision" : "d7bc8283ac01960f66f904613dd2de92f47b9f52"
      }
    },
    {
      "identity" : "swift-collections",
      "kind" : "remoteSourceControl",
      "location" : "https://github.com/apple/swift-collections.git",
      "state" : {
        "revision" : "a902f1823a7ff3c9ab2fba0f992396b948eda307",
        "version" : "1.0.5"
      }
    }
  ],
  "version" : 2
}
