{
  "pins" : [
    {
      "identity" : "spirv-cross",
      "kind" : "remoteSourceControl",
      "location" : "https://github.com/ncthbrt/Spirv-cross",
      "state" : {
        "branch" : "main",
        "revision" : "1472906818260dad428068a5f5de025fae8f1e19"
      }
    },
    {
      "identity" : "spirv-headers-swift",
      "kind" : "remoteSourceControl",
      "location" : "https://github.com/ncthbrt/SPIRV-Headers-Swift.git",
      "state" : {
        "branch" : "main",
        "revision" : "b9a9e7354b3bf2cb2406ffa5216acd159d4e816b"
      }
    },
    {
      "identity" : "swift-collections",
      "kind" : "remoteSourceControl",
      "location" : "https://github.com/apple/swift-collections.git",
      "state" : {
        "revision" : "a902f1823a7ff3c9ab2fba0f992396b948eda307",
        "version" : "1.0.5"
      }
    },
    {
      "identity" : "swift-macro-toolkit",
      "kind" : "remoteSourceControl",
      "location" : "https://github.com/stackotter/swift-macro-toolkit.git",
      "state" : {
        "revision" : "106daeb38eb3f52b1540aed981fc63fa22274576"
      }
    },
    {
      "identity" : "swift-syntax",
      "kind" : "remoteSourceControl",
      "location" : "https://github.com/apple/swift-syntax.git",
      "state" : {
        "revision" : "74203046135342e4a4a627476dd6caf8b28fe11b",
        "version" : "509.0.0"
      }
    },
    {
      "identity" : "swiftspirvmacros",
      "kind" : "remoteSourceControl",
      "location" : "https://github.com/ncthbrt/SwiftSpirvMacros.git",
      "state" : {
        "branch" : "main",
        "revision" : "adff7f4980f5a8d66edf5625fb1aba4ee85e05cc"
      }
    }
  ],
  "version" : 2
}
