// !$*UTF8*$!
{
	archiveVersion = 1;
	classes = {
	};
	objectVersion = 56;
	objects = {

/* Begin PBXBuildFile section */
		BC07D1092AFF674E00EFA199 /* AddNewNodeMenuView.swift in Sources */ = {isa = PBXBuildFile; fileRef = BC07D1082AFF674E00EFA199 /* AddNewNodeMenuView.swift */; };
		BC07D10A2AFFCB7500EFA199 /* GraphView.swift in Sources */ = {isa = PBXBuildFile; fileRef = BCEE1C742AFE43D90012F619 /* GraphView.swift */; };
		BC2AE5722B0763ED008F75C2 /* Rope.swift in Sources */ = {isa = PBXBuildFile; fileRef = BC2AE5712B0763ED008F75C2 /* Rope.swift */; };
		BC2AE5742B0764FA008F75C2 /* VertletShared.swift in Sources */ = {isa = PBXBuildFile; fileRef = BC2AE5732B0764FA008F75C2 /* VertletShared.swift */; };
		BC2AE5762B07AFDD008F75C2 /* FreeEdgesEnvironmentKey.swift in Sources */ = {isa = PBXBuildFile; fileRef = BC2AE5752B07AFDD008F75C2 /* FreeEdgesEnvironmentKey.swift */; };
		BC2AE5782B08B1C8008F75C2 /* CanvasTransformEnvironmentKey.swift in Sources */ = {isa = PBXBuildFile; fileRef = BC2AE5772B08B1C8008F75C2 /* CanvasTransformEnvironmentKey.swift */; };
		BC2BDF782AF257C400E2A242 /* JelloDocument.swift in Sources */ = {isa = PBXBuildFile; fileRef = BC2BDF772AF257C400E2A242 /* JelloDocument.swift */; };
		BC2BDF7A2AF2783B00E2A242 /* JelloDocumentView.swift in Sources */ = {isa = PBXBuildFile; fileRef = BC2BDF792AF2783B00E2A242 /* JelloDocumentView.swift */; };
		BC2BDF7C2AF2792C00E2A242 /* EmptyStates.swift in Sources */ = {isa = PBXBuildFile; fileRef = BC2BDF7B2AF2792C00E2A242 /* EmptyStates.swift */; };
		BC31EB712B035F52004401FC /* JelloNodeController.swift in Sources */ = {isa = PBXBuildFile; fileRef = BC31EB702B035F52004401FC /* JelloNodeController.swift */; };
		BC31EB732B039291004401FC /* JelloTypes.swift in Sources */ = {isa = PBXBuildFile; fileRef = BC31EB722B039291004401FC /* JelloTypes.swift */; };
		BC31EB752B0392D5004401FC /* JelloNodeMenu.swift in Sources */ = {isa = PBXBuildFile; fileRef = BC31EB742B0392D5004401FC /* JelloNodeMenu.swift */; };
		BC31EB7B2B049428004401FC /* EdgeView.swift in Sources */ = {isa = PBXBuildFile; fileRef = BC31EB7A2B049428004401FC /* EdgeView.swift */; };
		BC3DD0052B356C7D00F27E8D /* JelloGraphProcessingTests.swift in Sources */ = {isa = PBXBuildFile; fileRef = BC3DD0042B356C7D00F27E8D /* JelloGraphProcessingTests.swift */; };
		BC3DD00E2B35795800F27E8D /* JelloCompilerStatic.swift in Sources */ = {isa = PBXBuildFile; fileRef = BC3DD00D2B35795800F27E8D /* JelloCompilerStatic.swift */; };
		BC3DD0122B35796700F27E8D /* JelloTypes.swift in Sources */ = {isa = PBXBuildFile; fileRef = BCDA24392B221367002DCFCB /* JelloTypes.swift */; };
		BC3DD0132B35796700F27E8D /* JelloFunctions.swift in Sources */ = {isa = PBXBuildFile; fileRef = BC3ED8EF2B341BCC00303257 /* JelloFunctions.swift */; };
		BC3DD0142B35796700F27E8D /* SpirvGenerator.swift in Sources */ = {isa = PBXBuildFile; fileRef = BCDA24372B220851002DCFCB /* SpirvGenerator.swift */; };
		BC3DD0162B35799C00F27E8D /* SPIRV-Cross in Frameworks */ = {isa = PBXBuildFile; productRef = BC3DD0152B35799C00F27E8D /* SPIRV-Cross */; };
		BC3DD0182B3579A000F27E8D /* SpirvMacros in Frameworks */ = {isa = PBXBuildFile; productRef = BC3DD0172B3579A000F27E8D /* SpirvMacros */; };
		BC3DD01A2B3579AB00F27E8D /* Algorithms in Frameworks */ = {isa = PBXBuildFile; productRef = BC3DD0192B3579AB00F27E8D /* Algorithms */; };
		BC3DD01D2B3579FC00F27E8D /* SPIRV-Headers-Swift in Frameworks */ = {isa = PBXBuildFile; productRef = BC3DD01C2B3579FC00F27E8D /* SPIRV-Headers-Swift */; };
		BC3DD01F2B357A1400F27E8D /* Collections in Frameworks */ = {isa = PBXBuildFile; productRef = BC3DD01E2B357A1400F27E8D /* Collections */; };
		BC3DD0212B357A1400F27E8D /* DequeModule in Frameworks */ = {isa = PBXBuildFile; productRef = BC3DD0202B357A1400F27E8D /* DequeModule */; };
		BC3DD0232B357A1400F27E8D /* OrderedCollections in Frameworks */ = {isa = PBXBuildFile; productRef = BC3DD0222B357A1400F27E8D /* OrderedCollections */; };
		BC3DD0242B357A3000F27E8D /* libJelloCompilerStatic.a in Frameworks */ = {isa = PBXBuildFile; fileRef = BC3DD00B2B35795800F27E8D /* libJelloCompilerStatic.a */; };
		BC3DD0262B357A4B00F27E8D /* SPIRV-Headers-Swift in Frameworks */ = {isa = PBXBuildFile; productRef = BC3DD0252B357A4B00F27E8D /* SPIRV-Headers-Swift */; };
		BC57B8AD2B0C910F006A2CD6 /* BoxSelectionEnvironmentKey+PreferenceKey.swift in Sources */ = {isa = PBXBuildFile; fileRef = BC57B8AC2B0C910F006A2CD6 /* BoxSelectionEnvironmentKey+PreferenceKey.swift */; };
		BC614E8C2B0B48F800AA18E5 /* BoxSelectionView.swift in Sources */ = {isa = PBXBuildFile; fileRef = BC614E8B2B0B48F800AA18E5 /* BoxSelectionView.swift */; };
		BC9BBFB62AEFDE3D00FC068C /* JelloApp.swift in Sources */ = {isa = PBXBuildFile; fileRef = BC9BBFB52AEFDE3D00FC068C /* JelloApp.swift */; };
		BC9BBFB82AEFDE3D00FC068C /* ContentView.swift in Sources */ = {isa = PBXBuildFile; fileRef = BC9BBFB72AEFDE3D00FC068C /* ContentView.swift */; };
		BC9BBFBA2AEFDE3D00FC068C /* JelloMaterial.swift in Sources */ = {isa = PBXBuildFile; fileRef = BC9BBFB92AEFDE3D00FC068C /* JelloMaterial.swift */; };
		BC9BBFBC2AEFDE3E00FC068C /* Assets.xcassets in Resources */ = {isa = PBXBuildFile; fileRef = BC9BBFBB2AEFDE3E00FC068C /* Assets.xcassets */; };
		BC9BBFC12AEFDE3E00FC068C /* Preview Assets.xcassets in Resources */ = {isa = PBXBuildFile; fileRef = BC9BBFC02AEFDE3E00FC068C /* Preview Assets.xcassets */; };
		BC9BBFCB2AEFDE3E00FC068C /* JelloGoodBadSpirvFileGeneratorTest.swift in Sources */ = {isa = PBXBuildFile; fileRef = BC9BBFCA2AEFDE3E00FC068C /* JelloGoodBadSpirvFileGeneratorTest.swift */; };
		BC9BBFD52AEFDE3E00FC068C /* JelloUITests.swift in Sources */ = {isa = PBXBuildFile; fileRef = BC9BBFD42AEFDE3E00FC068C /* JelloUITests.swift */; };
		BC9BBFD72AEFDE3E00FC068C /* JelloUITestsLaunchTests.swift in Sources */ = {isa = PBXBuildFile; fileRef = BC9BBFD62AEFDE3E00FC068C /* JelloUITestsLaunchTests.swift */; };
		BC9BBFE52AEFE93600FC068C /* Collections in Frameworks */ = {isa = PBXBuildFile; productRef = BC9BBFE42AEFE93600FC068C /* Collections */; };
		BC9BBFE72AEFE93600FC068C /* DequeModule in Frameworks */ = {isa = PBXBuildFile; productRef = BC9BBFE62AEFE93600FC068C /* DequeModule */; };
		BC9BBFE92AEFE93600FC068C /* OrderedCollections in Frameworks */ = {isa = PBXBuildFile; productRef = BC9BBFE82AEFE93600FC068C /* OrderedCollections */; };
		BC9BBFEB2AEFEFB400FC068C /* JelloFunction.swift in Sources */ = {isa = PBXBuildFile; fileRef = BC9BBFEA2AEFEFB400FC068C /* JelloFunction.swift */; };
		BC9BBFEE2AEFF02100FC068C /* JelloGraph.swift in Sources */ = {isa = PBXBuildFile; fileRef = BC9BBFED2AEFF02100FC068C /* JelloGraph.swift */; };
		BC9BBFF42AF00C2400FC068C /* ProjectSidebarView.swift in Sources */ = {isa = PBXBuildFile; fileRef = BC9BBFF32AF00C2400FC068C /* ProjectSidebarView.swift */; };
		BC9BBFF62AF00C6D00FC068C /* ProjectNavigation.swift in Sources */ = {isa = PBXBuildFile; fileRef = BC9BBFF52AF00C6D00FC068C /* ProjectNavigation.swift */; };
		BCCE16062B172394000370CB /* Control.swift in Sources */ = {isa = PBXBuildFile; fileRef = BCCE16052B172394000370CB /* Control.swift */; };
		BCCE16082B1723A8000370CB /* ControlGeometry.swift in Sources */ = {isa = PBXBuildFile; fileRef = BCCE16072B1723A8000370CB /* ControlGeometry.swift */; };
		BCCE160A2B1723D5000370CB /* ControlHelpers.swift in Sources */ = {isa = PBXBuildFile; fileRef = BCCE16092B1723D5000370CB /* ControlHelpers.swift */; };
		BCCE160C2B1723F3000370CB /* PlanarGeometry.swift in Sources */ = {isa = PBXBuildFile; fileRef = BCCE160B2B1723F3000370CB /* PlanarGeometry.swift */; };
		BCCE160E2B172413000370CB /* SingleTouchView.swift in Sources */ = {isa = PBXBuildFile; fileRef = BCCE160D2B172413000370CB /* SingleTouchView.swift */; };
		BCCE16102B172426000370CB /* TwoParameterControl.swift in Sources */ = {isa = PBXBuildFile; fileRef = BCCE160F2B172426000370CB /* TwoParameterControl.swift */; };
		BCCE161A2B1724C4000370CB /* IndexedSlider.swift in Sources */ = {isa = PBXBuildFile; fileRef = BCCE16122B1724C3000370CB /* IndexedSlider.swift */; };
		BCCE161B2B1724C4000370CB /* PitchWheel.swift in Sources */ = {isa = PBXBuildFile; fileRef = BCCE16132B1724C3000370CB /* PitchWheel.swift */; };
		BCCE161C2B1724C4000370CB /* Ribbon.swift in Sources */ = {isa = PBXBuildFile; fileRef = BCCE16142B1724C4000370CB /* Ribbon.swift */; };
		BCCE161D2B1724C4000370CB /* Joystick.swift in Sources */ = {isa = PBXBuildFile; fileRef = BCCE16152B1724C4000370CB /* Joystick.swift */; };
		BCCE161E2B1724C4000370CB /* XYPad.swift in Sources */ = {isa = PBXBuildFile; fileRef = BCCE16162B1724C4000370CB /* XYPad.swift */; };
		BCCE161F2B1724C4000370CB /* ArcKnob.swift in Sources */ = {isa = PBXBuildFile; fileRef = BCCE16172B1724C4000370CB /* ArcKnob.swift */; };
		BCCE16202B1724C4000370CB /* ModWheel.swift in Sources */ = {isa = PBXBuildFile; fileRef = BCCE16182B1724C4000370CB /* ModWheel.swift */; };
		BCCE16212B1724C4000370CB /* SmallKnob.swift in Sources */ = {isa = PBXBuildFile; fileRef = BCCE16192B1724C4000370CB /* SmallKnob.swift */; };
		BCD5404B2AF3922A00D82714 /* JelloProjectReference.swift in Sources */ = {isa = PBXBuildFile; fileRef = BCD5404A2AF3922A00D82714 /* JelloProjectReference.swift */; };
		BCDB32552B0DF0D20086BA2B /* SimulationRunner.swift in Sources */ = {isa = PBXBuildFile; fileRef = BCDB32542B0DF0D20086BA2B /* SimulationRunner.swift */; };
		BCE067562AF8B8C10066F8D4 /* JelloBox.swift in Sources */ = {isa = PBXBuildFile; fileRef = BCE067552AF8B8C10066F8D4 /* JelloBox.swift */; };
		BCE067582AF8B8E00066F8D4 /* PointExtensions.swift in Sources */ = {isa = PBXBuildFile; fileRef = BCE067572AF8B8E00066F8D4 /* PointExtensions.swift */; };
		BCE0675B2AF934820066F8D4 /* NodeView.swift in Sources */ = {isa = PBXBuildFile; fileRef = BCE0675A2AF934820066F8D4 /* NodeView.swift */; };
		BCEAFD172B205E9100D23E1F /* JelloCompilerService.swift in Sources */ = {isa = PBXBuildFile; fileRef = BCEAFD162B205E9100D23E1F /* JelloCompilerService.swift */; };
		BCEE1C6F2AFE2DE40012F619 /* GraphLayout.swift in Sources */ = {isa = PBXBuildFile; fileRef = BCEE1C6E2AFE2DE40012F619 /* GraphLayout.swift */; };
		BCEE1C712AFE3F040012F619 /* PortViews.swift in Sources */ = {isa = PBXBuildFile; fileRef = BCEE1C702AFE3F040012F619 /* PortViews.swift */; };
		BCEE1C732AFE40180012F619 /* TypingUtils.swift in Sources */ = {isa = PBXBuildFile; fileRef = BCEE1C722AFE40180012F619 /* TypingUtils.swift */; };
		BCEE1C772AFE44440012F619 /* JelloCanvas.swift in Sources */ = {isa = PBXBuildFile; fileRef = BCEE1C762AFE44440012F619 /* JelloCanvas.swift */; };
/* End PBXBuildFile section */

/* Begin PBXContainerItemProxy section */
		BC9BBFC72AEFDE3E00FC068C /* PBXContainerItemProxy */ = {
			isa = PBXContainerItemProxy;
			containerPortal = BC9BBFAA2AEFDE3D00FC068C /* Project object */;
			proxyType = 1;
			remoteGlobalIDString = BC9BBFB12AEFDE3D00FC068C;
			remoteInfo = Jello;
		};
		BC9BBFD12AEFDE3E00FC068C /* PBXContainerItemProxy */ = {
			isa = PBXContainerItemProxy;
			containerPortal = BC9BBFAA2AEFDE3D00FC068C /* Project object */;
			proxyType = 1;
			remoteGlobalIDString = BC9BBFB12AEFDE3D00FC068C;
			remoteInfo = Jello;
		};
/* End PBXContainerItemProxy section */

/* Begin PBXCopyFilesBuildPhase section */
		BC3DD0092B35795800F27E8D /* CopyFiles */ = {
			isa = PBXCopyFilesBuildPhase;
			buildActionMask = 2147483647;
			dstPath = "include/$(PRODUCT_NAME)";
			dstSubfolderSpec = 16;
			files = (
			);
			runOnlyForDeploymentPostprocessing = 0;
		};
		BCDA24362B2207BF002DCFCB /* Embed Frameworks */ = {
			isa = PBXCopyFilesBuildPhase;
			buildActionMask = 2147483647;
			dstPath = "";
			dstSubfolderSpec = 10;
			files = (
			);
			name = "Embed Frameworks";
			runOnlyForDeploymentPostprocessing = 0;
		};
/* End PBXCopyFilesBuildPhase section */

/* Begin PBXFileReference section */
		BC07D1082AFF674E00EFA199 /* AddNewNodeMenuView.swift */ = {isa = PBXFileReference; lastKnownFileType = sourcecode.swift; path = AddNewNodeMenuView.swift; sourceTree = "<group>"; };
		BC2AE5712B0763ED008F75C2 /* Rope.swift */ = {isa = PBXFileReference; lastKnownFileType = sourcecode.swift; path = Rope.swift; sourceTree = "<group>"; };
		BC2AE5732B0764FA008F75C2 /* VertletShared.swift */ = {isa = PBXFileReference; lastKnownFileType = sourcecode.swift; path = VertletShared.swift; sourceTree = "<group>"; };
		BC2AE5752B07AFDD008F75C2 /* FreeEdgesEnvironmentKey.swift */ = {isa = PBXFileReference; lastKnownFileType = sourcecode.swift; path = FreeEdgesEnvironmentKey.swift; sourceTree = "<group>"; };
		BC2AE5772B08B1C8008F75C2 /* CanvasTransformEnvironmentKey.swift */ = {isa = PBXFileReference; lastKnownFileType = sourcecode.swift; path = CanvasTransformEnvironmentKey.swift; sourceTree = "<group>"; };
		BC2BDF772AF257C400E2A242 /* JelloDocument.swift */ = {isa = PBXFileReference; lastKnownFileType = sourcecode.swift; path = JelloDocument.swift; sourceTree = "<group>"; };
		BC2BDF792AF2783B00E2A242 /* JelloDocumentView.swift */ = {isa = PBXFileReference; lastKnownFileType = sourcecode.swift; path = JelloDocumentView.swift; sourceTree = "<group>"; };
		BC2BDF7B2AF2792C00E2A242 /* EmptyStates.swift */ = {isa = PBXFileReference; lastKnownFileType = sourcecode.swift; path = EmptyStates.swift; sourceTree = "<group>"; };
		BC31EB702B035F52004401FC /* JelloNodeController.swift */ = {isa = PBXFileReference; lastKnownFileType = sourcecode.swift; path = JelloNodeController.swift; sourceTree = "<group>"; };
		BC31EB722B039291004401FC /* JelloTypes.swift */ = {isa = PBXFileReference; lastKnownFileType = sourcecode.swift; path = JelloTypes.swift; sourceTree = "<group>"; };
		BC31EB742B0392D5004401FC /* JelloNodeMenu.swift */ = {isa = PBXFileReference; lastKnownFileType = sourcecode.swift; path = JelloNodeMenu.swift; sourceTree = "<group>"; };
		BC31EB7A2B049428004401FC /* EdgeView.swift */ = {isa = PBXFileReference; lastKnownFileType = sourcecode.swift; path = EdgeView.swift; sourceTree = "<group>"; };
		BC3DD0042B356C7D00F27E8D /* JelloGraphProcessingTests.swift */ = {isa = PBXFileReference; lastKnownFileType = sourcecode.swift; path = JelloGraphProcessingTests.swift; sourceTree = "<group>"; };
		BC3DD00B2B35795800F27E8D /* libJelloCompilerStatic.a */ = {isa = PBXFileReference; explicitFileType = archive.ar; includeInIndex = 0; path = libJelloCompilerStatic.a; sourceTree = BUILT_PRODUCTS_DIR; };
		BC3DD00D2B35795800F27E8D /* JelloCompilerStatic.swift */ = {isa = PBXFileReference; lastKnownFileType = sourcecode.swift; path = JelloCompilerStatic.swift; sourceTree = "<group>"; };
		BC3ED8EF2B341BCC00303257 /* JelloFunctions.swift */ = {isa = PBXFileReference; lastKnownFileType = sourcecode.swift; path = JelloFunctions.swift; sourceTree = "<group>"; };
		BC57B8AC2B0C910F006A2CD6 /* BoxSelectionEnvironmentKey+PreferenceKey.swift */ = {isa = PBXFileReference; lastKnownFileType = sourcecode.swift; path = "BoxSelectionEnvironmentKey+PreferenceKey.swift"; sourceTree = "<group>"; };
		BC614E8B2B0B48F800AA18E5 /* BoxSelectionView.swift */ = {isa = PBXFileReference; lastKnownFileType = sourcecode.swift; path = BoxSelectionView.swift; sourceTree = "<group>"; };
		BC9BBFB22AEFDE3D00FC068C /* Jello.app */ = {isa = PBXFileReference; explicitFileType = wrapper.application; includeInIndex = 0; path = Jello.app; sourceTree = BUILT_PRODUCTS_DIR; };
		BC9BBFB52AEFDE3D00FC068C /* JelloApp.swift */ = {isa = PBXFileReference; lastKnownFileType = sourcecode.swift; path = JelloApp.swift; sourceTree = "<group>"; };
		BC9BBFB72AEFDE3D00FC068C /* ContentView.swift */ = {isa = PBXFileReference; lastKnownFileType = sourcecode.swift; path = ContentView.swift; sourceTree = "<group>"; };
		BC9BBFB92AEFDE3D00FC068C /* JelloMaterial.swift */ = {isa = PBXFileReference; lastKnownFileType = sourcecode.swift; path = JelloMaterial.swift; sourceTree = "<group>"; };
		BC9BBFBB2AEFDE3E00FC068C /* Assets.xcassets */ = {isa = PBXFileReference; lastKnownFileType = folder.assetcatalog; path = Assets.xcassets; sourceTree = "<group>"; };
		BC9BBFBD2AEFDE3E00FC068C /* Info.plist */ = {isa = PBXFileReference; lastKnownFileType = text.plist.xml; path = Info.plist; sourceTree = "<group>"; };
		BC9BBFBE2AEFDE3E00FC068C /* Jello.entitlements */ = {isa = PBXFileReference; lastKnownFileType = text.plist.entitlements; path = Jello.entitlements; sourceTree = "<group>"; };
		BC9BBFC02AEFDE3E00FC068C /* Preview Assets.xcassets */ = {isa = PBXFileReference; lastKnownFileType = folder.assetcatalog; path = "Preview Assets.xcassets"; sourceTree = "<group>"; };
		BC9BBFC62AEFDE3E00FC068C /* JelloTests.xctest */ = {isa = PBXFileReference; explicitFileType = wrapper.cfbundle; includeInIndex = 0; path = JelloTests.xctest; sourceTree = BUILT_PRODUCTS_DIR; };
		BC9BBFCA2AEFDE3E00FC068C /* JelloGoodBadSpirvFileGeneratorTest.swift */ = {isa = PBXFileReference; lastKnownFileType = sourcecode.swift; path = JelloGoodBadSpirvFileGeneratorTest.swift; sourceTree = "<group>"; };
		BC9BBFD02AEFDE3E00FC068C /* JelloUITests.xctest */ = {isa = PBXFileReference; explicitFileType = wrapper.cfbundle; includeInIndex = 0; path = JelloUITests.xctest; sourceTree = BUILT_PRODUCTS_DIR; };
		BC9BBFD42AEFDE3E00FC068C /* JelloUITests.swift */ = {isa = PBXFileReference; lastKnownFileType = sourcecode.swift; path = JelloUITests.swift; sourceTree = "<group>"; };
		BC9BBFD62AEFDE3E00FC068C /* JelloUITestsLaunchTests.swift */ = {isa = PBXFileReference; lastKnownFileType = sourcecode.swift; path = JelloUITestsLaunchTests.swift; sourceTree = "<group>"; };
		BC9BBFEA2AEFEFB400FC068C /* JelloFunction.swift */ = {isa = PBXFileReference; lastKnownFileType = sourcecode.swift; path = JelloFunction.swift; sourceTree = "<group>"; };
		BC9BBFED2AEFF02100FC068C /* JelloGraph.swift */ = {isa = PBXFileReference; lastKnownFileType = sourcecode.swift; path = JelloGraph.swift; sourceTree = "<group>"; };
		BC9BBFF32AF00C2400FC068C /* ProjectSidebarView.swift */ = {isa = PBXFileReference; lastKnownFileType = sourcecode.swift; path = ProjectSidebarView.swift; sourceTree = "<group>"; };
		BC9BBFF52AF00C6D00FC068C /* ProjectNavigation.swift */ = {isa = PBXFileReference; lastKnownFileType = sourcecode.swift; path = ProjectNavigation.swift; sourceTree = "<group>"; };
		BCCE16052B172394000370CB /* Control.swift */ = {isa = PBXFileReference; lastKnownFileType = sourcecode.swift; path = Control.swift; sourceTree = "<group>"; };
		BCCE16072B1723A8000370CB /* ControlGeometry.swift */ = {isa = PBXFileReference; lastKnownFileType = sourcecode.swift; path = ControlGeometry.swift; sourceTree = "<group>"; };
		BCCE16092B1723D5000370CB /* ControlHelpers.swift */ = {isa = PBXFileReference; lastKnownFileType = sourcecode.swift; path = ControlHelpers.swift; sourceTree = "<group>"; };
		BCCE160B2B1723F3000370CB /* PlanarGeometry.swift */ = {isa = PBXFileReference; lastKnownFileType = sourcecode.swift; path = PlanarGeometry.swift; sourceTree = "<group>"; };
		BCCE160D2B172413000370CB /* SingleTouchView.swift */ = {isa = PBXFileReference; lastKnownFileType = sourcecode.swift; path = SingleTouchView.swift; sourceTree = "<group>"; };
		BCCE160F2B172426000370CB /* TwoParameterControl.swift */ = {isa = PBXFileReference; lastKnownFileType = sourcecode.swift; path = TwoParameterControl.swift; sourceTree = "<group>"; };
		BCCE16122B1724C3000370CB /* IndexedSlider.swift */ = {isa = PBXFileReference; fileEncoding = 4; lastKnownFileType = sourcecode.swift; path = IndexedSlider.swift; sourceTree = "<group>"; };
		BCCE16132B1724C3000370CB /* PitchWheel.swift */ = {isa = PBXFileReference; fileEncoding = 4; lastKnownFileType = sourcecode.swift; path = PitchWheel.swift; sourceTree = "<group>"; };
		BCCE16142B1724C4000370CB /* Ribbon.swift */ = {isa = PBXFileReference; fileEncoding = 4; lastKnownFileType = sourcecode.swift; path = Ribbon.swift; sourceTree = "<group>"; };
		BCCE16152B1724C4000370CB /* Joystick.swift */ = {isa = PBXFileReference; fileEncoding = 4; lastKnownFileType = sourcecode.swift; path = Joystick.swift; sourceTree = "<group>"; };
		BCCE16162B1724C4000370CB /* XYPad.swift */ = {isa = PBXFileReference; fileEncoding = 4; lastKnownFileType = sourcecode.swift; path = XYPad.swift; sourceTree = "<group>"; };
		BCCE16172B1724C4000370CB /* ArcKnob.swift */ = {isa = PBXFileReference; fileEncoding = 4; lastKnownFileType = sourcecode.swift; path = ArcKnob.swift; sourceTree = "<group>"; };
		BCCE16182B1724C4000370CB /* ModWheel.swift */ = {isa = PBXFileReference; fileEncoding = 4; lastKnownFileType = sourcecode.swift; path = ModWheel.swift; sourceTree = "<group>"; };
		BCCE16192B1724C4000370CB /* SmallKnob.swift */ = {isa = PBXFileReference; fileEncoding = 4; lastKnownFileType = sourcecode.swift; path = SmallKnob.swift; sourceTree = "<group>"; };
		BCD5404A2AF3922A00D82714 /* JelloProjectReference.swift */ = {isa = PBXFileReference; lastKnownFileType = sourcecode.swift; path = JelloProjectReference.swift; sourceTree = "<group>"; };
		BCDA24372B220851002DCFCB /* SpirvGenerator.swift */ = {isa = PBXFileReference; lastKnownFileType = sourcecode.swift; path = SpirvGenerator.swift; sourceTree = "<group>"; };
		BCDA24392B221367002DCFCB /* JelloTypes.swift */ = {isa = PBXFileReference; lastKnownFileType = sourcecode.swift; path = JelloTypes.swift; sourceTree = "<group>"; };
		BCDB32542B0DF0D20086BA2B /* SimulationRunner.swift */ = {isa = PBXFileReference; lastKnownFileType = sourcecode.swift; path = SimulationRunner.swift; sourceTree = "<group>"; };
		BCE067552AF8B8C10066F8D4 /* JelloBox.swift */ = {isa = PBXFileReference; lastKnownFileType = sourcecode.swift; path = JelloBox.swift; sourceTree = "<group>"; };
		BCE067572AF8B8E00066F8D4 /* PointExtensions.swift */ = {isa = PBXFileReference; lastKnownFileType = sourcecode.swift; path = PointExtensions.swift; sourceTree = "<group>"; };
		BCE0675A2AF934820066F8D4 /* NodeView.swift */ = {isa = PBXFileReference; lastKnownFileType = sourcecode.swift; path = NodeView.swift; sourceTree = "<group>"; };
		BCEAFD162B205E9100D23E1F /* JelloCompilerService.swift */ = {isa = PBXFileReference; lastKnownFileType = sourcecode.swift; path = JelloCompilerService.swift; sourceTree = "<group>"; };
		BCEAFD1C2B21A36700D23E1F /* JelloBridgingHeader.h */ = {isa = PBXFileReference; lastKnownFileType = sourcecode.c.h; path = JelloBridgingHeader.h; sourceTree = "<group>"; };
		BCEE1C6E2AFE2DE40012F619 /* GraphLayout.swift */ = {isa = PBXFileReference; lastKnownFileType = sourcecode.swift; path = GraphLayout.swift; sourceTree = "<group>"; };
		BCEE1C702AFE3F040012F619 /* PortViews.swift */ = {isa = PBXFileReference; lastKnownFileType = sourcecode.swift; path = PortViews.swift; sourceTree = "<group>"; };
		BCEE1C722AFE40180012F619 /* TypingUtils.swift */ = {isa = PBXFileReference; lastKnownFileType = sourcecode.swift; path = TypingUtils.swift; sourceTree = "<group>"; };
		BCEE1C742AFE43D90012F619 /* GraphView.swift */ = {isa = PBXFileReference; lastKnownFileType = sourcecode.swift; path = GraphView.swift; sourceTree = "<group>"; };
		BCEE1C762AFE44440012F619 /* JelloCanvas.swift */ = {isa = PBXFileReference; lastKnownFileType = sourcecode.swift; path = JelloCanvas.swift; sourceTree = "<group>"; };
/* End PBXFileReference section */

/* Begin PBXFrameworksBuildPhase section */
		BC3DD0082B35795800F27E8D /* Frameworks */ = {
			isa = PBXFrameworksBuildPhase;
			buildActionMask = 2147483647;
			files = (
				BC3DD01A2B3579AB00F27E8D /* Algorithms in Frameworks */,
				BC3DD0182B3579A000F27E8D /* SpirvMacros in Frameworks */,
				BC3DD01F2B357A1400F27E8D /* Collections in Frameworks */,
				BC3DD01D2B3579FC00F27E8D /* SPIRV-Headers-Swift in Frameworks */,
				BC3DD0162B35799C00F27E8D /* SPIRV-Cross in Frameworks */,
				BC3DD0232B357A1400F27E8D /* OrderedCollections in Frameworks */,
				BC3DD0212B357A1400F27E8D /* DequeModule in Frameworks */,
			);
			runOnlyForDeploymentPostprocessing = 0;
		};
		BC9BBFAF2AEFDE3D00FC068C /* Frameworks */ = {
			isa = PBXFrameworksBuildPhase;
			buildActionMask = 2147483647;
			files = (
				BC3DD0242B357A3000F27E8D /* libJelloCompilerStatic.a in Frameworks */,
				BC9BBFE52AEFE93600FC068C /* Collections in Frameworks */,
				BC9BBFE72AEFE93600FC068C /* DequeModule in Frameworks */,
				BC9BBFE92AEFE93600FC068C /* OrderedCollections in Frameworks */,
				BC3DD0262B357A4B00F27E8D /* SPIRV-Headers-Swift in Frameworks */,
			);
			runOnlyForDeploymentPostprocessing = 0;
		};
		BC9BBFC32AEFDE3E00FC068C /* Frameworks */ = {
			isa = PBXFrameworksBuildPhase;
			buildActionMask = 2147483647;
			files = (
			);
			runOnlyForDeploymentPostprocessing = 0;
		};
		BC9BBFCD2AEFDE3E00FC068C /* Frameworks */ = {
			isa = PBXFrameworksBuildPhase;
			buildActionMask = 2147483647;
			files = (
			);
			runOnlyForDeploymentPostprocessing = 0;
		};
/* End PBXFrameworksBuildPhase section */

/* Begin PBXGroup section */
		BC33AA902B17007F003471D9 /* Controls */ = {
			isa = PBXGroup;
			children = (
				BCCE16112B17247F000370CB /* Implementation */,
				BCCE16052B172394000370CB /* Control.swift */,
				BCCE16072B1723A8000370CB /* ControlGeometry.swift */,
				BCCE16092B1723D5000370CB /* ControlHelpers.swift */,
				BCCE160B2B1723F3000370CB /* PlanarGeometry.swift */,
				BCCE160D2B172413000370CB /* SingleTouchView.swift */,
				BCCE160F2B172426000370CB /* TwoParameterControl.swift */,
			);
			path = Controls;
			sourceTree = "<group>";
		};
		BC3DD00C2B35795800F27E8D /* JelloCompilerStatic */ = {
			isa = PBXGroup;
			children = (
				BCDA24372B220851002DCFCB /* SpirvGenerator.swift */,
				BCDA24392B221367002DCFCB /* JelloTypes.swift */,
				BC3ED8EF2B341BCC00303257 /* JelloFunctions.swift */,
				BC3DD00D2B35795800F27E8D /* JelloCompilerStatic.swift */,
			);
			path = JelloCompilerStatic;
			sourceTree = "<group>";
		};
		BC7E22452AF4EE7900EC04E6 /* Support */ = {
			isa = PBXGroup;
			children = (
				BCEE1C6E2AFE2DE40012F619 /* GraphLayout.swift */,
				BCEE1C722AFE40180012F619 /* TypingUtils.swift */,
				BC2AE5752B07AFDD008F75C2 /* FreeEdgesEnvironmentKey.swift */,
				BC2AE5772B08B1C8008F75C2 /* CanvasTransformEnvironmentKey.swift */,
				BC57B8AC2B0C910F006A2CD6 /* BoxSelectionEnvironmentKey+PreferenceKey.swift */,
			);
			path = Support;
			sourceTree = "<group>";
		};
		BC9BBFA92AEFDE3D00FC068C = {
			isa = PBXGroup;
			children = (
				BC9BBFB42AEFDE3D00FC068C /* Jello */,
				BC9BBFC92AEFDE3E00FC068C /* JelloTests */,
				BC9BBFD32AEFDE3E00FC068C /* JelloUITests */,
				BC3DD00C2B35795800F27E8D /* JelloCompilerStatic */,
				BC9BBFB32AEFDE3D00FC068C /* Products */,
				BCDA241A2B21DC17002DCFCB /* Frameworks */,
			);
			sourceTree = "<group>";
		};
		BC9BBFB32AEFDE3D00FC068C /* Products */ = {
			isa = PBXGroup;
			children = (
				BC9BBFB22AEFDE3D00FC068C /* Jello.app */,
				BC9BBFC62AEFDE3E00FC068C /* JelloTests.xctest */,
				BC9BBFD02AEFDE3E00FC068C /* JelloUITests.xctest */,
				BC3DD00B2B35795800F27E8D /* libJelloCompilerStatic.a */,
			);
			name = Products;
			sourceTree = "<group>";
		};
		BC9BBFB42AEFDE3D00FC068C /* Jello */ = {
			isa = PBXGroup;
			children = (
				BCEAFD182B20621E00D23E1F /* Compiler */,
				BC7E22452AF4EE7900EC04E6 /* Support */,
				BCE067592AF8B8F30066F8D4 /* Math */,
				BC9BBFF22AF0073F00FC068C /* Physics */,
				BC9BBFF12AF0072D00FC068C /* Views */,
				BC9BBFEC2AEFEFBD00FC068C /* Domain */,
				BC9BBFB52AEFDE3D00FC068C /* JelloApp.swift */,
				BC9BBFBB2AEFDE3E00FC068C /* Assets.xcassets */,
				BC9BBFBD2AEFDE3E00FC068C /* Info.plist */,
				BC9BBFBE2AEFDE3E00FC068C /* Jello.entitlements */,
				BC9BBFBF2AEFDE3E00FC068C /* Preview Content */,
				BCEAFD1C2B21A36700D23E1F /* JelloBridgingHeader.h */,
			);
			path = Jello;
			sourceTree = "<group>";
		};
		BC9BBFBF2AEFDE3E00FC068C /* Preview Content */ = {
			isa = PBXGroup;
			children = (
				BC9BBFC02AEFDE3E00FC068C /* Preview Assets.xcassets */,
			);
			path = "Preview Content";
			sourceTree = "<group>";
		};
		BC9BBFC92AEFDE3E00FC068C /* JelloTests */ = {
			isa = PBXGroup;
			children = (
				BC9BBFCA2AEFDE3E00FC068C /* JelloGoodBadSpirvFileGeneratorTest.swift */,
				BC3DD0042B356C7D00F27E8D /* JelloGraphProcessingTests.swift */,
			);
			path = JelloTests;
			sourceTree = "<group>";
		};
		BC9BBFD32AEFDE3E00FC068C /* JelloUITests */ = {
			isa = PBXGroup;
			children = (
				BC9BBFD42AEFDE3E00FC068C /* JelloUITests.swift */,
				BC9BBFD62AEFDE3E00FC068C /* JelloUITestsLaunchTests.swift */,
			);
			path = JelloUITests;
			sourceTree = "<group>";
		};
		BC9BBFEC2AEFEFBD00FC068C /* Domain */ = {
			isa = PBXGroup;
			children = (
				BC9BBFEA2AEFEFB400FC068C /* JelloFunction.swift */,
				BC9BBFB92AEFDE3D00FC068C /* JelloMaterial.swift */,
				BC9BBFED2AEFF02100FC068C /* JelloGraph.swift */,
				BC9BBFF52AF00C6D00FC068C /* ProjectNavigation.swift */,
				BC2BDF772AF257C400E2A242 /* JelloDocument.swift */,
				BCD5404A2AF3922A00D82714 /* JelloProjectReference.swift */,
				BC31EB702B035F52004401FC /* JelloNodeController.swift */,
				BC31EB722B039291004401FC /* JelloTypes.swift */,
				BC31EB742B0392D5004401FC /* JelloNodeMenu.swift */,
			);
			path = Domain;
			sourceTree = "<group>";
		};
		BC9BBFF12AF0072D00FC068C /* Views */ = {
			isa = PBXGroup;
			children = (
				BC33AA902B17007F003471D9 /* Controls */,
				BC9BBFB72AEFDE3D00FC068C /* ContentView.swift */,
				BCE0675A2AF934820066F8D4 /* NodeView.swift */,
				BC9BBFF32AF00C2400FC068C /* ProjectSidebarView.swift */,
				BC2BDF792AF2783B00E2A242 /* JelloDocumentView.swift */,
				BC2BDF7B2AF2792C00E2A242 /* EmptyStates.swift */,
				BCEE1C702AFE3F040012F619 /* PortViews.swift */,
				BCEE1C742AFE43D90012F619 /* GraphView.swift */,
				BCEE1C762AFE44440012F619 /* JelloCanvas.swift */,
				BC07D1082AFF674E00EFA199 /* AddNewNodeMenuView.swift */,
				BC31EB7A2B049428004401FC /* EdgeView.swift */,
				BC614E8B2B0B48F800AA18E5 /* BoxSelectionView.swift */,
			);
			path = Views;
			sourceTree = "<group>";
		};
		BC9BBFF22AF0073F00FC068C /* Physics */ = {
			isa = PBXGroup;
			children = (
				BCE067552AF8B8C10066F8D4 /* JelloBox.swift */,
				BC2AE5712B0763ED008F75C2 /* Rope.swift */,
				BC2AE5732B0764FA008F75C2 /* VertletShared.swift */,
				BCDB32542B0DF0D20086BA2B /* SimulationRunner.swift */,
			);
			path = Physics;
			sourceTree = "<group>";
		};
		BCCE16112B17247F000370CB /* Implementation */ = {
			isa = PBXGroup;
			children = (
				BCCE16172B1724C4000370CB /* ArcKnob.swift */,
				BCCE16122B1724C3000370CB /* IndexedSlider.swift */,
				BCCE16152B1724C4000370CB /* Joystick.swift */,
				BCCE16182B1724C4000370CB /* ModWheel.swift */,
				BCCE16132B1724C3000370CB /* PitchWheel.swift */,
				BCCE16142B1724C4000370CB /* Ribbon.swift */,
				BCCE16192B1724C4000370CB /* SmallKnob.swift */,
				BCCE16162B1724C4000370CB /* XYPad.swift */,
			);
			path = Implementation;
			sourceTree = "<group>";
		};
		BCDA241A2B21DC17002DCFCB /* Frameworks */ = {
			isa = PBXGroup;
			children = (
			);
			name = Frameworks;
			sourceTree = "<group>";
		};
		BCE067592AF8B8F30066F8D4 /* Math */ = {
			isa = PBXGroup;
			children = (
				BCE067572AF8B8E00066F8D4 /* PointExtensions.swift */,
			);
			path = Math;
			sourceTree = "<group>";
		};
		BCEAFD182B20621E00D23E1F /* Compiler */ = {
			isa = PBXGroup;
			children = (
				BCEAFD162B205E9100D23E1F /* JelloCompilerService.swift */,
			);
			path = Compiler;
			sourceTree = "<group>";
		};
/* End PBXGroup section */

/* Begin PBXNativeTarget section */
		BC3DD00A2B35795800F27E8D /* JelloCompilerStatic */ = {
			isa = PBXNativeTarget;
			buildConfigurationList = BC3DD00F2B35795800F27E8D /* Build configuration list for PBXNativeTarget "JelloCompilerStatic" */;
			buildPhases = (
				BC3DD0072B35795800F27E8D /* Sources */,
				BC3DD0082B35795800F27E8D /* Frameworks */,
				BC3DD0092B35795800F27E8D /* CopyFiles */,
			);
			buildRules = (
			);
			dependencies = (
			);
			name = JelloCompilerStatic;
			packageProductDependencies = (
				BC3DD0152B35799C00F27E8D /* SPIRV-Cross */,
				BC3DD0172B3579A000F27E8D /* SpirvMacros */,
				BC3DD0192B3579AB00F27E8D /* Algorithms */,
				BC3DD01C2B3579FC00F27E8D /* SPIRV-Headers-Swift */,
				BC3DD01E2B357A1400F27E8D /* Collections */,
				BC3DD0202B357A1400F27E8D /* DequeModule */,
				BC3DD0222B357A1400F27E8D /* OrderedCollections */,
			);
			productName = JelloCompilerStatic;
			productReference = BC3DD00B2B35795800F27E8D /* libJelloCompilerStatic.a */;
			productType = "com.apple.product-type.library.static";
		};
		BC9BBFB12AEFDE3D00FC068C /* Jello */ = {
			isa = PBXNativeTarget;
			buildConfigurationList = BC9BBFDA2AEFDE3E00FC068C /* Build configuration list for PBXNativeTarget "Jello" */;
			buildPhases = (
				BC9BBFAE2AEFDE3D00FC068C /* Sources */,
				BC9BBFAF2AEFDE3D00FC068C /* Frameworks */,
				BC9BBFB02AEFDE3D00FC068C /* Resources */,
				BCDA24362B2207BF002DCFCB /* Embed Frameworks */,
			);
			buildRules = (
			);
			dependencies = (
			);
			name = Jello;
			packageProductDependencies = (
				BC9BBFE42AEFE93600FC068C /* Collections */,
				BC9BBFE62AEFE93600FC068C /* DequeModule */,
				BC9BBFE82AEFE93600FC068C /* OrderedCollections */,
				BC3DD0252B357A4B00F27E8D /* SPIRV-Headers-Swift */,
			);
			productName = Jello;
			productReference = BC9BBFB22AEFDE3D00FC068C /* Jello.app */;
			productType = "com.apple.product-type.application";
		};
		BC9BBFC52AEFDE3E00FC068C /* JelloTests */ = {
			isa = PBXNativeTarget;
			buildConfigurationList = BC9BBFDD2AEFDE3E00FC068C /* Build configuration list for PBXNativeTarget "JelloTests" */;
			buildPhases = (
				BC9BBFC22AEFDE3E00FC068C /* Sources */,
				BC9BBFC32AEFDE3E00FC068C /* Frameworks */,
				BC9BBFC42AEFDE3E00FC068C /* Resources */,
			);
			buildRules = (
			);
			dependencies = (
				BC9BBFC82AEFDE3E00FC068C /* PBXTargetDependency */,
			);
			name = JelloTests;
			productName = JelloTests;
			productReference = BC9BBFC62AEFDE3E00FC068C /* JelloTests.xctest */;
			productType = "com.apple.product-type.bundle.unit-test";
		};
		BC9BBFCF2AEFDE3E00FC068C /* JelloUITests */ = {
			isa = PBXNativeTarget;
			buildConfigurationList = BC9BBFE02AEFDE3E00FC068C /* Build configuration list for PBXNativeTarget "JelloUITests" */;
			buildPhases = (
				BC9BBFCC2AEFDE3E00FC068C /* Sources */,
				BC9BBFCD2AEFDE3E00FC068C /* Frameworks */,
				BC9BBFCE2AEFDE3E00FC068C /* Resources */,
			);
			buildRules = (
			);
			dependencies = (
				BC9BBFD22AEFDE3E00FC068C /* PBXTargetDependency */,
			);
			name = JelloUITests;
			productName = JelloUITests;
			productReference = BC9BBFD02AEFDE3E00FC068C /* JelloUITests.xctest */;
			productType = "com.apple.product-type.bundle.ui-testing";
		};
/* End PBXNativeTarget section */

/* Begin PBXProject section */
		BC9BBFAA2AEFDE3D00FC068C /* Project object */ = {
			isa = PBXProject;
			attributes = {
				BuildIndependentTargetsInParallel = 1;
				LastSwiftUpdateCheck = 1510;
				LastUpgradeCheck = 1510;
				TargetAttributes = {
					BC3DD00A2B35795800F27E8D = {
						CreatedOnToolsVersion = 15.1;
					};
					BC9BBFB12AEFDE3D00FC068C = {
						CreatedOnToolsVersion = 15.0.1;
					};
					BC9BBFC52AEFDE3E00FC068C = {
						CreatedOnToolsVersion = 15.0.1;
						TestTargetID = BC9BBFB12AEFDE3D00FC068C;
					};
					BC9BBFCF2AEFDE3E00FC068C = {
						CreatedOnToolsVersion = 15.0.1;
						TestTargetID = BC9BBFB12AEFDE3D00FC068C;
					};
				};
			};
			buildConfigurationList = BC9BBFAD2AEFDE3D00FC068C /* Build configuration list for PBXProject "Jello" */;
			compatibilityVersion = "Xcode 14.0";
			developmentRegion = en;
			hasScannedForEncodings = 0;
			knownRegions = (
				en,
				Base,
			);
			mainGroup = BC9BBFA92AEFDE3D00FC068C;
			packageReferences = (
				BC9BBFE32AEFE93600FC068C /* XCRemoteSwiftPackageReference "swift-collections" */,
				BC491CD02B25BE5300F6BE28 /* XCRemoteSwiftPackageReference "Spirv-cross" */,
				BCC73FE22B31B54C00955212 /* XCRemoteSwiftPackageReference "SwiftSpirvMacros" */,
				BC0403772B348F460036057D /* XCRemoteSwiftPackageReference "swift-algorithms" */,
				BC3DD01B2B3579FC00F27E8D /* XCRemoteSwiftPackageReference "SPIRV-Headers-Swift" */,
			);
			productRefGroup = BC9BBFB32AEFDE3D00FC068C /* Products */;
			projectDirPath = "";
			projectRoot = "";
			targets = (
				BC9BBFB12AEFDE3D00FC068C /* Jello */,
				BC9BBFC52AEFDE3E00FC068C /* JelloTests */,
				BC9BBFCF2AEFDE3E00FC068C /* JelloUITests */,
				BC3DD00A2B35795800F27E8D /* JelloCompilerStatic */,
			);
		};
/* End PBXProject section */

/* Begin PBXResourcesBuildPhase section */
		BC9BBFB02AEFDE3D00FC068C /* Resources */ = {
			isa = PBXResourcesBuildPhase;
			buildActionMask = 2147483647;
			files = (
				BC9BBFC12AEFDE3E00FC068C /* Preview Assets.xcassets in Resources */,
				BC9BBFBC2AEFDE3E00FC068C /* Assets.xcassets in Resources */,
			);
			runOnlyForDeploymentPostprocessing = 0;
		};
		BC9BBFC42AEFDE3E00FC068C /* Resources */ = {
			isa = PBXResourcesBuildPhase;
			buildActionMask = 2147483647;
			files = (
			);
			runOnlyForDeploymentPostprocessing = 0;
		};
		BC9BBFCE2AEFDE3E00FC068C /* Resources */ = {
			isa = PBXResourcesBuildPhase;
			buildActionMask = 2147483647;
			files = (
			);
			runOnlyForDeploymentPostprocessing = 0;
		};
/* End PBXResourcesBuildPhase section */

/* Begin PBXSourcesBuildPhase section */
		BC3DD0072B35795800F27E8D /* Sources */ = {
			isa = PBXSourcesBuildPhase;
			buildActionMask = 2147483647;
			files = (
				BC3DD0132B35796700F27E8D /* JelloFunctions.swift in Sources */,
				BC3DD0122B35796700F27E8D /* JelloTypes.swift in Sources */,
				BC3DD0142B35796700F27E8D /* SpirvGenerator.swift in Sources */,
				BC3DD00E2B35795800F27E8D /* JelloCompilerStatic.swift in Sources */,
			);
			runOnlyForDeploymentPostprocessing = 0;
		};
		BC9BBFAE2AEFDE3D00FC068C /* Sources */ = {
			isa = PBXSourcesBuildPhase;
			buildActionMask = 2147483647;
			files = (
				BC9BBFB82AEFDE3D00FC068C /* ContentView.swift in Sources */,
				BCCE16082B1723A8000370CB /* ControlGeometry.swift in Sources */,
				BC9BBFF62AF00C6D00FC068C /* ProjectNavigation.swift in Sources */,
				BCEE1C772AFE44440012F619 /* JelloCanvas.swift in Sources */,
				BC07D10A2AFFCB7500EFA199 /* GraphView.swift in Sources */,
				BCD5404B2AF3922A00D82714 /* JelloProjectReference.swift in Sources */,
				BCCE16202B1724C4000370CB /* ModWheel.swift in Sources */,
				BCCE16102B172426000370CB /* TwoParameterControl.swift in Sources */,
				BC9BBFBA2AEFDE3D00FC068C /* JelloMaterial.swift in Sources */,
				BCEAFD172B205E9100D23E1F /* JelloCompilerService.swift in Sources */,
				BCCE161F2B1724C4000370CB /* ArcKnob.swift in Sources */,
				BC31EB732B039291004401FC /* JelloTypes.swift in Sources */,
				BCCE160C2B1723F3000370CB /* PlanarGeometry.swift in Sources */,
				BC2AE5742B0764FA008F75C2 /* VertletShared.swift in Sources */,
				BCCE161C2B1724C4000370CB /* Ribbon.swift in Sources */,
				BC2AE5782B08B1C8008F75C2 /* CanvasTransformEnvironmentKey.swift in Sources */,
				BCCE16212B1724C4000370CB /* SmallKnob.swift in Sources */,
				BCCE16062B172394000370CB /* Control.swift in Sources */,
				BC31EB752B0392D5004401FC /* JelloNodeMenu.swift in Sources */,
				BCEE1C712AFE3F040012F619 /* PortViews.swift in Sources */,
				BCCE161E2B1724C4000370CB /* XYPad.swift in Sources */,
				BC2BDF782AF257C400E2A242 /* JelloDocument.swift in Sources */,
				BCCE161B2B1724C4000370CB /* PitchWheel.swift in Sources */,
				BC31EB712B035F52004401FC /* JelloNodeController.swift in Sources */,
				BCCE160E2B172413000370CB /* SingleTouchView.swift in Sources */,
				BC614E8C2B0B48F800AA18E5 /* BoxSelectionView.swift in Sources */,
				BC9BBFF42AF00C2400FC068C /* ProjectSidebarView.swift in Sources */,
				BC2AE5762B07AFDD008F75C2 /* FreeEdgesEnvironmentKey.swift in Sources */,
				BCEE1C6F2AFE2DE40012F619 /* GraphLayout.swift in Sources */,
				BCE067582AF8B8E00066F8D4 /* PointExtensions.swift in Sources */,
				BC2BDF7C2AF2792C00E2A242 /* EmptyStates.swift in Sources */,
				BC2AE5722B0763ED008F75C2 /* Rope.swift in Sources */,
				BC2BDF7A2AF2783B00E2A242 /* JelloDocumentView.swift in Sources */,
				BCDB32552B0DF0D20086BA2B /* SimulationRunner.swift in Sources */,
				BC31EB7B2B049428004401FC /* EdgeView.swift in Sources */,
				BCCE160A2B1723D5000370CB /* ControlHelpers.swift in Sources */,
				BCCE161D2B1724C4000370CB /* Joystick.swift in Sources */,
				BCE0675B2AF934820066F8D4 /* NodeView.swift in Sources */,
				BCE067562AF8B8C10066F8D4 /* JelloBox.swift in Sources */,
				BC07D1092AFF674E00EFA199 /* AddNewNodeMenuView.swift in Sources */,
				BCCE161A2B1724C4000370CB /* IndexedSlider.swift in Sources */,
				BCEE1C732AFE40180012F619 /* TypingUtils.swift in Sources */,
				BC9BBFEE2AEFF02100FC068C /* JelloGraph.swift in Sources */,
				BC57B8AD2B0C910F006A2CD6 /* BoxSelectionEnvironmentKey+PreferenceKey.swift in Sources */,
				BC9BBFEB2AEFEFB400FC068C /* JelloFunction.swift in Sources */,
				BC9BBFB62AEFDE3D00FC068C /* JelloApp.swift in Sources */,
			);
			runOnlyForDeploymentPostprocessing = 0;
		};
		BC9BBFC22AEFDE3E00FC068C /* Sources */ = {
			isa = PBXSourcesBuildPhase;
			buildActionMask = 2147483647;
			files = (
				BC3DD0052B356C7D00F27E8D /* JelloGraphProcessingTests.swift in Sources */,
				BC9BBFCB2AEFDE3E00FC068C /* JelloGoodBadSpirvFileGeneratorTest.swift in Sources */,
			);
			runOnlyForDeploymentPostprocessing = 0;
		};
		BC9BBFCC2AEFDE3E00FC068C /* Sources */ = {
			isa = PBXSourcesBuildPhase;
			buildActionMask = 2147483647;
			files = (
				BC9BBFD52AEFDE3E00FC068C /* JelloUITests.swift in Sources */,
				BC9BBFD72AEFDE3E00FC068C /* JelloUITestsLaunchTests.swift in Sources */,
			);
			runOnlyForDeploymentPostprocessing = 0;
		};
/* End PBXSourcesBuildPhase section */

/* Begin PBXTargetDependency section */
		BC9BBFC82AEFDE3E00FC068C /* PBXTargetDependency */ = {
			isa = PBXTargetDependency;
			target = BC9BBFB12AEFDE3D00FC068C /* Jello */;
			targetProxy = BC9BBFC72AEFDE3E00FC068C /* PBXContainerItemProxy */;
		};
		BC9BBFD22AEFDE3E00FC068C /* PBXTargetDependency */ = {
			isa = PBXTargetDependency;
			target = BC9BBFB12AEFDE3D00FC068C /* Jello */;
			targetProxy = BC9BBFD12AEFDE3E00FC068C /* PBXContainerItemProxy */;
		};
/* End PBXTargetDependency section */

/* Begin XCBuildConfiguration section */
		BC3DD0102B35795800F27E8D /* Debug */ = {
			isa = XCBuildConfiguration;
			buildSettings = {
				CODE_SIGN_STYLE = Automatic;
				DEVELOPMENT_TEAM = DPXLR65392;
				IPHONEOS_DEPLOYMENT_TARGET = 17.2;
				OTHER_LDFLAGS = "-ObjC";
				PRODUCT_NAME = "$(TARGET_NAME)";
				SDKROOT = iphoneos;
				SKIP_INSTALL = YES;
				SWIFT_VERSION = 5.0;
				TARGETED_DEVICE_FAMILY = "1,2";
			};
			name = Debug;
		};
		BC3DD0112B35795800F27E8D /* Release */ = {
			isa = XCBuildConfiguration;
			buildSettings = {
				CODE_SIGN_STYLE = Automatic;
				DEVELOPMENT_TEAM = DPXLR65392;
				IPHONEOS_DEPLOYMENT_TARGET = 17.2;
				OTHER_LDFLAGS = "-ObjC";
				PRODUCT_NAME = "$(TARGET_NAME)";
				SDKROOT = iphoneos;
				SKIP_INSTALL = YES;
				SWIFT_VERSION = 5.0;
				TARGETED_DEVICE_FAMILY = "1,2";
				VALIDATE_PRODUCT = YES;
			};
			name = Release;
		};
		BC9BBFD82AEFDE3E00FC068C /* Debug */ = {
			isa = XCBuildConfiguration;
			buildSettings = {
				ALWAYS_SEARCH_USER_PATHS = NO;
				ASSETCATALOG_COMPILER_GENERATE_SWIFT_ASSET_SYMBOL_EXTENSIONS = YES;
				CLANG_ANALYZER_NONNULL = YES;
				CLANG_ANALYZER_NUMBER_OBJECT_CONVERSION = YES_AGGRESSIVE;
				CLANG_CXX_LANGUAGE_STANDARD = "gnu++20";
				CLANG_ENABLE_MODULES = YES;
				CLANG_ENABLE_OBJC_ARC = YES;
				CLANG_ENABLE_OBJC_WEAK = YES;
				CLANG_WARN_BLOCK_CAPTURE_AUTORELEASING = YES;
				CLANG_WARN_BOOL_CONVERSION = YES;
				CLANG_WARN_COMMA = YES;
				CLANG_WARN_CONSTANT_CONVERSION = YES;
				CLANG_WARN_DEPRECATED_OBJC_IMPLEMENTATIONS = YES;
				CLANG_WARN_DIRECT_OBJC_ISA_USAGE = YES_ERROR;
				CLANG_WARN_DOCUMENTATION_COMMENTS = YES;
				CLANG_WARN_EMPTY_BODY = YES;
				CLANG_WARN_ENUM_CONVERSION = YES;
				CLANG_WARN_INFINITE_RECURSION = YES;
				CLANG_WARN_INT_CONVERSION = YES;
				CLANG_WARN_NON_LITERAL_NULL_CONVERSION = YES;
				CLANG_WARN_OBJC_IMPLICIT_RETAIN_SELF = YES;
				CLANG_WARN_OBJC_LITERAL_CONVERSION = YES;
				CLANG_WARN_OBJC_ROOT_CLASS = YES_ERROR;
				CLANG_WARN_QUOTED_INCLUDE_IN_FRAMEWORK_HEADER = YES;
				CLANG_WARN_RANGE_LOOP_ANALYSIS = YES;
				CLANG_WARN_STRICT_PROTOTYPES = YES;
				CLANG_WARN_SUSPICIOUS_MOVE = YES;
				CLANG_WARN_UNGUARDED_AVAILABILITY = YES_AGGRESSIVE;
				CLANG_WARN_UNREACHABLE_CODE = YES;
				CLANG_WARN__DUPLICATE_METHOD_MATCH = YES;
				COPY_PHASE_STRIP = NO;
				DEAD_CODE_STRIPPING = YES;
				DEBUG_INFORMATION_FORMAT = dwarf;
				ENABLE_STRICT_OBJC_MSGSEND = YES;
				ENABLE_TESTABILITY = YES;
				ENABLE_USER_SCRIPT_SANDBOXING = YES;
				GCC_C_LANGUAGE_STANDARD = gnu17;
				GCC_DYNAMIC_NO_PIC = NO;
				GCC_NO_COMMON_BLOCKS = YES;
				GCC_OPTIMIZATION_LEVEL = 0;
				GCC_PREPROCESSOR_DEFINITIONS = (
					"DEBUG=1",
					"$(inherited)",
				);
				GCC_WARN_64_TO_32_BIT_CONVERSION = YES;
				GCC_WARN_ABOUT_RETURN_TYPE = YES_ERROR;
				GCC_WARN_UNDECLARED_SELECTOR = YES;
				GCC_WARN_UNINITIALIZED_AUTOS = YES_AGGRESSIVE;
				GCC_WARN_UNUSED_FUNCTION = YES;
				GCC_WARN_UNUSED_VARIABLE = YES;
				IPHONEOS_DEPLOYMENT_TARGET = 17.0;
				LOCALIZATION_PREFERS_STRING_CATALOGS = YES;
				MACOSX_DEPLOYMENT_TARGET = 14.0;
				MTL_ENABLE_DEBUG_INFO = INCLUDE_SOURCE;
				MTL_FAST_MATH = YES;
				ONLY_ACTIVE_ARCH = YES;
				SWIFT_ACTIVE_COMPILATION_CONDITIONS = "DEBUG $(inherited)";
				SWIFT_OBJC_INTEROP_MODE = objcxx;
				SWIFT_OPTIMIZATION_LEVEL = "-Onone";
			};
			name = Debug;
		};
		BC9BBFD92AEFDE3E00FC068C /* Release */ = {
			isa = XCBuildConfiguration;
			buildSettings = {
				ALWAYS_SEARCH_USER_PATHS = NO;
				ASSETCATALOG_COMPILER_GENERATE_SWIFT_ASSET_SYMBOL_EXTENSIONS = YES;
				CLANG_ANALYZER_NONNULL = YES;
				CLANG_ANALYZER_NUMBER_OBJECT_CONVERSION = YES_AGGRESSIVE;
				CLANG_CXX_LANGUAGE_STANDARD = "gnu++20";
				CLANG_ENABLE_MODULES = YES;
				CLANG_ENABLE_OBJC_ARC = YES;
				CLANG_ENABLE_OBJC_WEAK = YES;
				CLANG_WARN_BLOCK_CAPTURE_AUTORELEASING = YES;
				CLANG_WARN_BOOL_CONVERSION = YES;
				CLANG_WARN_COMMA = YES;
				CLANG_WARN_CONSTANT_CONVERSION = YES;
				CLANG_WARN_DEPRECATED_OBJC_IMPLEMENTATIONS = YES;
				CLANG_WARN_DIRECT_OBJC_ISA_USAGE = YES_ERROR;
				CLANG_WARN_DOCUMENTATION_COMMENTS = YES;
				CLANG_WARN_EMPTY_BODY = YES;
				CLANG_WARN_ENUM_CONVERSION = YES;
				CLANG_WARN_INFINITE_RECURSION = YES;
				CLANG_WARN_INT_CONVERSION = YES;
				CLANG_WARN_NON_LITERAL_NULL_CONVERSION = YES;
				CLANG_WARN_OBJC_IMPLICIT_RETAIN_SELF = YES;
				CLANG_WARN_OBJC_LITERAL_CONVERSION = YES;
				CLANG_WARN_OBJC_ROOT_CLASS = YES_ERROR;
				CLANG_WARN_QUOTED_INCLUDE_IN_FRAMEWORK_HEADER = YES;
				CLANG_WARN_RANGE_LOOP_ANALYSIS = YES;
				CLANG_WARN_STRICT_PROTOTYPES = YES;
				CLANG_WARN_SUSPICIOUS_MOVE = YES;
				CLANG_WARN_UNGUARDED_AVAILABILITY = YES_AGGRESSIVE;
				CLANG_WARN_UNREACHABLE_CODE = YES;
				CLANG_WARN__DUPLICATE_METHOD_MATCH = YES;
				COPY_PHASE_STRIP = NO;
				DEAD_CODE_STRIPPING = YES;
				DEBUG_INFORMATION_FORMAT = "dwarf-with-dsym";
				ENABLE_NS_ASSERTIONS = NO;
				ENABLE_STRICT_OBJC_MSGSEND = YES;
				ENABLE_USER_SCRIPT_SANDBOXING = YES;
				GCC_C_LANGUAGE_STANDARD = gnu17;
				GCC_NO_COMMON_BLOCKS = YES;
				GCC_WARN_64_TO_32_BIT_CONVERSION = YES;
				GCC_WARN_ABOUT_RETURN_TYPE = YES_ERROR;
				GCC_WARN_UNDECLARED_SELECTOR = YES;
				GCC_WARN_UNINITIALIZED_AUTOS = YES_AGGRESSIVE;
				GCC_WARN_UNUSED_FUNCTION = YES;
				GCC_WARN_UNUSED_VARIABLE = YES;
				IPHONEOS_DEPLOYMENT_TARGET = 17.0;
				LOCALIZATION_PREFERS_STRING_CATALOGS = YES;
				MACOSX_DEPLOYMENT_TARGET = 14.0;
				MTL_ENABLE_DEBUG_INFO = NO;
				MTL_FAST_MATH = YES;
				SWIFT_COMPILATION_MODE = wholemodule;
				SWIFT_OBJC_INTEROP_MODE = objcxx;
			};
			name = Release;
		};
		BC9BBFDB2AEFDE3E00FC068C /* Debug */ = {
			isa = XCBuildConfiguration;
			buildSettings = {
				ASSETCATALOG_COMPILER_APPICON_NAME = AppIcon;
				ASSETCATALOG_COMPILER_GLOBAL_ACCENT_COLOR_NAME = JelloAppColor;
				CLANG_WARN_ATOMIC_IMPLICIT_SEQ_CST = YES;
				CODE_SIGN_ENTITLEMENTS = Jello/Jello.entitlements;
				CODE_SIGN_STYLE = Automatic;
				CURRENT_PROJECT_VERSION = 1;
				DEVELOPMENT_ASSET_PATHS = "\"Jello/Preview Content\"";
				DEVELOPMENT_TEAM = DPXLR65392;
				ENABLE_HARDENED_RUNTIME = YES;
				ENABLE_PREVIEWS = YES;
				GCC_INCREASE_PRECOMPILED_HEADER_SHARING = NO;
				GENERATE_INFOPLIST_FILE = YES;
				INFOPLIST_FILE = Jello/Info.plist;
				INFOPLIST_KEY_LSApplicationCategoryType = "public.app-category.graphics-design";
				INFOPLIST_KEY_UIApplicationSceneManifest_Generation = YES;
				"INFOPLIST_KEY_UIApplicationSceneManifest_Generation[sdk=iphoneos*]" = YES;
				"INFOPLIST_KEY_UIApplicationSceneManifest_Generation[sdk=iphonesimulator*]" = YES;
				INFOPLIST_KEY_UIApplicationSupportsIndirectInputEvents = YES;
				"INFOPLIST_KEY_UIApplicationSupportsIndirectInputEvents[sdk=iphoneos*]" = YES;
				"INFOPLIST_KEY_UIApplicationSupportsIndirectInputEvents[sdk=iphonesimulator*]" = YES;
				INFOPLIST_KEY_UILaunchScreen_Generation = YES;
				"INFOPLIST_KEY_UILaunchScreen_Generation[sdk=iphoneos*]" = YES;
				"INFOPLIST_KEY_UILaunchScreen_Generation[sdk=iphonesimulator*]" = YES;
				INFOPLIST_KEY_UIStatusBarStyle = UIStatusBarStyleDefault;
				"INFOPLIST_KEY_UIStatusBarStyle[sdk=iphoneos*]" = UIStatusBarStyleDefault;
				"INFOPLIST_KEY_UIStatusBarStyle[sdk=iphonesimulator*]" = UIStatusBarStyleDefault;
				INFOPLIST_KEY_UISupportedInterfaceOrientations_iPad = "UIInterfaceOrientationPortrait UIInterfaceOrientationPortraitUpsideDown UIInterfaceOrientationLandscapeLeft UIInterfaceOrientationLandscapeRight";
				INFOPLIST_KEY_UISupportedInterfaceOrientations_iPhone = "UIInterfaceOrientationPortrait UIInterfaceOrientationLandscapeLeft UIInterfaceOrientationLandscapeRight";
				INFOPLIST_KEY_UISupportsDocumentBrowser = YES;
				"INFOPLIST_KEY_UISupportsDocumentBrowser[sdk=iphoneos*]" = YES;
				"INFOPLIST_KEY_UISupportsDocumentBrowser[sdk=iphonesimulator*]" = YES;
				IPHONEOS_DEPLOYMENT_TARGET = 17.0;
				LD_RUNPATH_SEARCH_PATHS = "@executable_path/Frameworks";
				"LD_RUNPATH_SEARCH_PATHS[sdk=macosx*]" = "@executable_path/../Frameworks";
				MACOSX_DEPLOYMENT_TARGET = 14.0;
				MARKETING_VERSION = 1.0;
				PRODUCT_BUNDLE_IDENTIFIER = com.cuthbert.Jello;
				PRODUCT_NAME = "$(TARGET_NAME)";
				SDKROOT = iphoneos;
				SUPPORTED_PLATFORMS = "iphonesimulator iphoneos";
				SWIFT_EMIT_LOC_STRINGS = YES;
				SWIFT_INSTALL_OBJC_HEADER = YES;
				SWIFT_OBJC_BRIDGING_HEADER = Jello/JelloBridgingHeader.h;
				SWIFT_OBJC_INTEROP_MODE = objcxx;
				SWIFT_VERSION = 5.0;
				TARGETED_DEVICE_FAMILY = "1,2";
			};
			name = Debug;
		};
		BC9BBFDC2AEFDE3E00FC068C /* Release */ = {
			isa = XCBuildConfiguration;
			buildSettings = {
				ASSETCATALOG_COMPILER_APPICON_NAME = AppIcon;
				ASSETCATALOG_COMPILER_GLOBAL_ACCENT_COLOR_NAME = JelloAppColor;
				CLANG_WARN_ATOMIC_IMPLICIT_SEQ_CST = YES;
				CODE_SIGN_ENTITLEMENTS = Jello/Jello.entitlements;
				CODE_SIGN_STYLE = Automatic;
				CURRENT_PROJECT_VERSION = 1;
				DEVELOPMENT_ASSET_PATHS = "\"Jello/Preview Content\"";
				DEVELOPMENT_TEAM = DPXLR65392;
				ENABLE_HARDENED_RUNTIME = YES;
				ENABLE_PREVIEWS = YES;
				GCC_INCREASE_PRECOMPILED_HEADER_SHARING = NO;
				GENERATE_INFOPLIST_FILE = YES;
				INFOPLIST_FILE = Jello/Info.plist;
				INFOPLIST_KEY_LSApplicationCategoryType = "public.app-category.graphics-design";
				INFOPLIST_KEY_UIApplicationSceneManifest_Generation = YES;
				"INFOPLIST_KEY_UIApplicationSceneManifest_Generation[sdk=iphoneos*]" = YES;
				"INFOPLIST_KEY_UIApplicationSceneManifest_Generation[sdk=iphonesimulator*]" = YES;
				INFOPLIST_KEY_UIApplicationSupportsIndirectInputEvents = YES;
				"INFOPLIST_KEY_UIApplicationSupportsIndirectInputEvents[sdk=iphoneos*]" = YES;
				"INFOPLIST_KEY_UIApplicationSupportsIndirectInputEvents[sdk=iphonesimulator*]" = YES;
				INFOPLIST_KEY_UILaunchScreen_Generation = YES;
				"INFOPLIST_KEY_UILaunchScreen_Generation[sdk=iphoneos*]" = YES;
				"INFOPLIST_KEY_UILaunchScreen_Generation[sdk=iphonesimulator*]" = YES;
				INFOPLIST_KEY_UIStatusBarStyle = UIStatusBarStyleDefault;
				"INFOPLIST_KEY_UIStatusBarStyle[sdk=iphoneos*]" = UIStatusBarStyleDefault;
				"INFOPLIST_KEY_UIStatusBarStyle[sdk=iphonesimulator*]" = UIStatusBarStyleDefault;
				INFOPLIST_KEY_UISupportedInterfaceOrientations_iPad = "UIInterfaceOrientationPortrait UIInterfaceOrientationPortraitUpsideDown UIInterfaceOrientationLandscapeLeft UIInterfaceOrientationLandscapeRight";
				INFOPLIST_KEY_UISupportedInterfaceOrientations_iPhone = "UIInterfaceOrientationPortrait UIInterfaceOrientationLandscapeLeft UIInterfaceOrientationLandscapeRight";
				INFOPLIST_KEY_UISupportsDocumentBrowser = YES;
				"INFOPLIST_KEY_UISupportsDocumentBrowser[sdk=iphoneos*]" = YES;
				"INFOPLIST_KEY_UISupportsDocumentBrowser[sdk=iphonesimulator*]" = YES;
				IPHONEOS_DEPLOYMENT_TARGET = 17.0;
				LD_RUNPATH_SEARCH_PATHS = "@executable_path/Frameworks";
				"LD_RUNPATH_SEARCH_PATHS[sdk=macosx*]" = "@executable_path/../Frameworks";
				MACOSX_DEPLOYMENT_TARGET = 14.0;
				MARKETING_VERSION = 1.0;
				PRODUCT_BUNDLE_IDENTIFIER = com.cuthbert.Jello;
				PRODUCT_NAME = "$(TARGET_NAME)";
				SDKROOT = iphoneos;
				SUPPORTED_PLATFORMS = "iphonesimulator iphoneos";
				SWIFT_EMIT_LOC_STRINGS = YES;
				SWIFT_INSTALL_OBJC_HEADER = YES;
				SWIFT_OBJC_BRIDGING_HEADER = Jello/JelloBridgingHeader.h;
				SWIFT_OBJC_INTEROP_MODE = objcxx;
				SWIFT_VERSION = 5.0;
				TARGETED_DEVICE_FAMILY = "1,2";
			};
			name = Release;
		};
		BC9BBFDE2AEFDE3E00FC068C /* Debug */ = {
			isa = XCBuildConfiguration;
			buildSettings = {
				ALWAYS_EMBED_SWIFT_STANDARD_LIBRARIES = YES;
				BUNDLE_LOADER = "$(TEST_HOST)";
				CODE_SIGN_STYLE = Automatic;
				CURRENT_PROJECT_VERSION = 1;
				DEAD_CODE_STRIPPING = YES;
				DEVELOPMENT_TEAM = DPXLR65392;
				GENERATE_INFOPLIST_FILE = YES;
				IPHONEOS_DEPLOYMENT_TARGET = 17.0;
				MACOSX_DEPLOYMENT_TARGET = 14.0;
				MARKETING_VERSION = 1.0;
				PRODUCT_BUNDLE_IDENTIFIER = com.cuthbert.JelloTests;
				PRODUCT_NAME = "$(TARGET_NAME)";
				SDKROOT = auto;
				SUPPORTED_PLATFORMS = "iphoneos iphonesimulator macosx";
				SWIFT_EMIT_LOC_STRINGS = NO;
				SWIFT_INSTALL_OBJC_HEADER = YES;
				SWIFT_OBJC_INTEROP_MODE = objcxx;
				SWIFT_VERSION = 5.0;
				TARGETED_DEVICE_FAMILY = "1,2";
				TEST_HOST = "$(BUILT_PRODUCTS_DIR)/Jello.app/$(BUNDLE_EXECUTABLE_FOLDER_PATH)/Jello";
			};
			name = Debug;
		};
		BC9BBFDF2AEFDE3E00FC068C /* Release */ = {
			isa = XCBuildConfiguration;
			buildSettings = {
				ALWAYS_EMBED_SWIFT_STANDARD_LIBRARIES = YES;
				BUNDLE_LOADER = "$(TEST_HOST)";
				CODE_SIGN_STYLE = Automatic;
				CURRENT_PROJECT_VERSION = 1;
				DEAD_CODE_STRIPPING = YES;
				DEVELOPMENT_TEAM = DPXLR65392;
				GENERATE_INFOPLIST_FILE = YES;
				IPHONEOS_DEPLOYMENT_TARGET = 17.0;
				MACOSX_DEPLOYMENT_TARGET = 14.0;
				MARKETING_VERSION = 1.0;
				PRODUCT_BUNDLE_IDENTIFIER = com.cuthbert.JelloTests;
				PRODUCT_NAME = "$(TARGET_NAME)";
				SDKROOT = auto;
				SUPPORTED_PLATFORMS = "iphoneos iphonesimulator macosx";
				SWIFT_EMIT_LOC_STRINGS = NO;
				SWIFT_INSTALL_OBJC_HEADER = YES;
				SWIFT_OBJC_INTEROP_MODE = objcxx;
				SWIFT_VERSION = 5.0;
				TARGETED_DEVICE_FAMILY = "1,2";
				TEST_HOST = "$(BUILT_PRODUCTS_DIR)/Jello.app/$(BUNDLE_EXECUTABLE_FOLDER_PATH)/Jello";
			};
			name = Release;
		};
		BC9BBFE12AEFDE3E00FC068C /* Debug */ = {
			isa = XCBuildConfiguration;
			buildSettings = {
				ALWAYS_EMBED_SWIFT_STANDARD_LIBRARIES = YES;
				CODE_SIGN_STYLE = Automatic;
				CURRENT_PROJECT_VERSION = 1;
				DEAD_CODE_STRIPPING = YES;
				DEVELOPMENT_TEAM = DPXLR65392;
				GENERATE_INFOPLIST_FILE = YES;
				IPHONEOS_DEPLOYMENT_TARGET = 17.0;
				MACOSX_DEPLOYMENT_TARGET = 14.0;
				MARKETING_VERSION = 1.0;
				PRODUCT_BUNDLE_IDENTIFIER = com.cuthbert.JelloUITests;
				PRODUCT_NAME = "$(TARGET_NAME)";
				SDKROOT = auto;
				SUPPORTED_PLATFORMS = "iphoneos iphonesimulator macosx";
				SWIFT_EMIT_LOC_STRINGS = NO;
				SWIFT_VERSION = 5.0;
				TARGETED_DEVICE_FAMILY = "1,2";
				TEST_TARGET_NAME = Jello;
			};
			name = Debug;
		};
		BC9BBFE22AEFDE3E00FC068C /* Release */ = {
			isa = XCBuildConfiguration;
			buildSettings = {
				ALWAYS_EMBED_SWIFT_STANDARD_LIBRARIES = YES;
				CODE_SIGN_STYLE = Automatic;
				CURRENT_PROJECT_VERSION = 1;
				DEAD_CODE_STRIPPING = YES;
				DEVELOPMENT_TEAM = DPXLR65392;
				GENERATE_INFOPLIST_FILE = YES;
				IPHONEOS_DEPLOYMENT_TARGET = 17.0;
				MACOSX_DEPLOYMENT_TARGET = 14.0;
				MARKETING_VERSION = 1.0;
				PRODUCT_BUNDLE_IDENTIFIER = com.cuthbert.JelloUITests;
				PRODUCT_NAME = "$(TARGET_NAME)";
				SDKROOT = auto;
				SUPPORTED_PLATFORMS = "iphoneos iphonesimulator macosx";
				SWIFT_EMIT_LOC_STRINGS = NO;
				SWIFT_VERSION = 5.0;
				TARGETED_DEVICE_FAMILY = "1,2";
				TEST_TARGET_NAME = Jello;
			};
			name = Release;
		};
/* End XCBuildConfiguration section */

/* Begin XCConfigurationList section */
		BC3DD00F2B35795800F27E8D /* Build configuration list for PBXNativeTarget "JelloCompilerStatic" */ = {
			isa = XCConfigurationList;
			buildConfigurations = (
				BC3DD0102B35795800F27E8D /* Debug */,
				BC3DD0112B35795800F27E8D /* Release */,
			);
			defaultConfigurationIsVisible = 0;
			defaultConfigurationName = Release;
		};
		BC9BBFAD2AEFDE3D00FC068C /* Build configuration list for PBXProject "Jello" */ = {
			isa = XCConfigurationList;
			buildConfigurations = (
				BC9BBFD82AEFDE3E00FC068C /* Debug */,
				BC9BBFD92AEFDE3E00FC068C /* Release */,
			);
			defaultConfigurationIsVisible = 0;
			defaultConfigurationName = Release;
		};
		BC9BBFDA2AEFDE3E00FC068C /* Build configuration list for PBXNativeTarget "Jello" */ = {
			isa = XCConfigurationList;
			buildConfigurations = (
				BC9BBFDB2AEFDE3E00FC068C /* Debug */,
				BC9BBFDC2AEFDE3E00FC068C /* Release */,
			);
			defaultConfigurationIsVisible = 0;
			defaultConfigurationName = Release;
		};
		BC9BBFDD2AEFDE3E00FC068C /* Build configuration list for PBXNativeTarget "JelloTests" */ = {
			isa = XCConfigurationList;
			buildConfigurations = (
				BC9BBFDE2AEFDE3E00FC068C /* Debug */,
				BC9BBFDF2AEFDE3E00FC068C /* Release */,
			);
			defaultConfigurationIsVisible = 0;
			defaultConfigurationName = Release;
		};
		BC9BBFE02AEFDE3E00FC068C /* Build configuration list for PBXNativeTarget "JelloUITests" */ = {
			isa = XCConfigurationList;
			buildConfigurations = (
				BC9BBFE12AEFDE3E00FC068C /* Debug */,
				BC9BBFE22AEFDE3E00FC068C /* Release */,
			);
			defaultConfigurationIsVisible = 0;
			defaultConfigurationName = Release;
		};
/* End XCConfigurationList section */

/* Begin XCRemoteSwiftPackageReference section */
		BC0403772B348F460036057D /* XCRemoteSwiftPackageReference "swift-algorithms" */ = {
			isa = XCRemoteSwiftPackageReference;
			repositoryURL = "https://github.com/apple/swift-algorithms.git";
			requirement = {
				kind = upToNextMajorVersion;
				minimumVersion = 1.2.0;
			};
		};
		BC3DD01B2B3579FC00F27E8D /* XCRemoteSwiftPackageReference "SPIRV-Headers-Swift" */ = {
			isa = XCRemoteSwiftPackageReference;
			repositoryURL = "https://github.com/ncthbrt/SPIRV-Headers-Swift";
			requirement = {
				branch = main;
				kind = branch;
			};
		};
		BC491CD02B25BE5300F6BE28 /* XCRemoteSwiftPackageReference "Spirv-cross" */ = {
			isa = XCRemoteSwiftPackageReference;
			repositoryURL = "https://github.com/ncthbrt/Spirv-cross";
			requirement = {
				branch = main;
				kind = branch;
			};
		};
		BC9BBFE32AEFE93600FC068C /* XCRemoteSwiftPackageReference "swift-collections" */ = {
			isa = XCRemoteSwiftPackageReference;
			repositoryURL = "https://github.com/apple/swift-collections.git";
			requirement = {
				kind = upToNextMajorVersion;
				minimumVersion = 1.0.5;
			};
		};
		BCC73FE22B31B54C00955212 /* XCRemoteSwiftPackageReference "SwiftSpirvMacros" */ = {
			isa = XCRemoteSwiftPackageReference;
			repositoryURL = "https://github.com/ncthbrt/SwiftSpirvMacros.git";
			requirement = {
				branch = main;
				kind = branch;
			};
		};
/* End XCRemoteSwiftPackageReference section */

/* Begin XCSwiftPackageProductDependency section */
		BC3DD0152B35799C00F27E8D /* SPIRV-Cross */ = {
			isa = XCSwiftPackageProductDependency;
			package = BC491CD02B25BE5300F6BE28 /* XCRemoteSwiftPackageReference "Spirv-cross" */;
			productName = "SPIRV-Cross";
		};
		BC3DD0172B3579A000F27E8D /* SpirvMacros */ = {
			isa = XCSwiftPackageProductDependency;
			package = BCC73FE22B31B54C00955212 /* XCRemoteSwiftPackageReference "SwiftSpirvMacros" */;
			productName = SpirvMacros;
		};
		BC3DD0192B3579AB00F27E8D /* Algorithms */ = {
			isa = XCSwiftPackageProductDependency;
			package = BC0403772B348F460036057D /* XCRemoteSwiftPackageReference "swift-algorithms" */;
			productName = Algorithms;
		};
		BC3DD01C2B3579FC00F27E8D /* SPIRV-Headers-Swift */ = {
			isa = XCSwiftPackageProductDependency;
			package = BC3DD01B2B3579FC00F27E8D /* XCRemoteSwiftPackageReference "SPIRV-Headers-Swift" */;
			productName = "SPIRV-Headers-Swift";
		};
		BC3DD01E2B357A1400F27E8D /* Collections */ = {
			isa = XCSwiftPackageProductDependency;
			package = BC9BBFE32AEFE93600FC068C /* XCRemoteSwiftPackageReference "swift-collections" */;
			productName = Collections;
		};
		BC3DD0202B357A1400F27E8D /* DequeModule */ = {
			isa = XCSwiftPackageProductDependency;
			package = BC9BBFE32AEFE93600FC068C /* XCRemoteSwiftPackageReference "swift-collections" */;
			productName = DequeModule;
		};
		BC3DD0222B357A1400F27E8D /* OrderedCollections */ = {
			isa = XCSwiftPackageProductDependency;
			package = BC9BBFE32AEFE93600FC068C /* XCRemoteSwiftPackageReference "swift-collections" */;
			productName = OrderedCollections;
		};
		BC3DD0252B357A4B00F27E8D /* SPIRV-Headers-Swift */ = {
			isa = XCSwiftPackageProductDependency;
			package = BC3DD01B2B3579FC00F27E8D /* XCRemoteSwiftPackageReference "SPIRV-Headers-Swift" */;
			productName = "SPIRV-Headers-Swift";
		};
		BC9BBFE42AEFE93600FC068C /* Collections */ = {
			isa = XCSwiftPackageProductDependency;
			package = BC9BBFE32AEFE93600FC068C /* XCRemoteSwiftPackageReference "swift-collections" */;
			productName = Collections;
		};
		BC9BBFE62AEFE93600FC068C /* DequeModule */ = {
			isa = XCSwiftPackageProductDependency;
			package = BC9BBFE32AEFE93600FC068C /* XCRemoteSwiftPackageReference "swift-collections" */;
			productName = DequeModule;
		};
		BC9BBFE82AEFE93600FC068C /* OrderedCollections */ = {
			isa = XCSwiftPackageProductDependency;
			package = BC9BBFE32AEFE93600FC068C /* XCRemoteSwiftPackageReference "swift-collections" */;
			productName = OrderedCollections;
		};
/* End XCSwiftPackageProductDependency section */
	};
	rootObject = BC9BBFAA2AEFDE3D00FC068C /* Project object */;
}
